{
    "name": "rollup-plugin-lwc-platform",
    "version": "0.0.1",
    "lockfileVersion": 1,
    "requires": true,
    "dependencies": {
        "@lwc/module-resolver": {
            "version": "1.17.5",
            "resolved": "https://registry.npmjs.org/@lwc/module-resolver/-/module-resolver-1.17.5.tgz",
            "integrity": "sha512-KGYzq433zpA384k2MaLsQAC8b0D5orr2ffV4gRZRxnuBQhX6ujfb4Ca/bKz/ZZumgr3uSX9MrswhhVxpYsv7Eg==",
            "dev": true,
            "requires": {
                "resolve": "~1.19.0"
            }
        },
        "@lwc/rollup-plugin": {
            "version": "1.17.5",
            "resolved": "https://registry.npmjs.org/@lwc/rollup-plugin/-/rollup-plugin-1.17.5.tgz",
            "integrity": "sha512-Wn5lnwXh94pYAIicDazxlVqzu1VGjlYEmSNWTRj6SoIiJbORRbrZFKAU8tGFXwYD/0F725gxbSJjUuVzw35l7Q==",
            "dev": true,
            "requires": {
                "@lwc/module-resolver": "1.17.5",
                "@rollup/pluginutils": "~4.1.0"
            }
        },
        "@rollup/pluginutils": {
            "version": "4.1.0",
            "resolved": "https://registry.npmjs.org/@rollup/pluginutils/-/pluginutils-4.1.0.tgz",
            "integrity": "sha512-TrBhfJkFxA+ER+ew2U2/fHbebhLT/l/2pRk0hfj9KusXUuRXd2v0R58AfaZK9VXDQ4TogOSEmICVrQAA3zFnHQ==",
            "dev": true,
            "requires": {
                "estree-walker": "^2.0.1",
                "picomatch": "^2.2.2"
            }
        },
        "estree-walker": {
            "version": "2.0.2",
            "resolved": "https://registry.npmjs.org/estree-walker/-/estree-walker-2.0.2.tgz",
            "integrity": "sha512-Rfkk/Mp/DL7JVje3u18FxFujQlTNR2q6QfMSMB7AvCBx91NGj/ba3kCfza0f6dVDbw7YlRf/nDrn7pQrCCyQ/w==",
            "dev": true
        },
        "fsevents": {
            "version": "2.3.2",
            "resolved": "https://registry.npmjs.org/fsevents/-/fsevents-2.3.2.tgz",
            "integrity": "sha512-xiqMQR4xAeHTuB9uWm+fFRcIOgKBMiOBP+eXiyT7jsgVCq1bkVygt00oASowB7EdtpOHaaPgKt812P9ab+DDKA==",
            "dev": true,
            "optional": true
        },
        "function-bind": {
            "version": "1.1.1",
            "resolved": "https://registry.npmjs.org/function-bind/-/function-bind-1.1.1.tgz",
            "integrity": "sha512-yIovAzMX49sF8Yl58fSCWJ5svSLuaibPxXQJFLmBObTuCr0Mf1KiPopGM9NiFjiYBCbfaa2Fh6breQ6ANVTI0A==",
            "dev": true
        },
        "has": {
            "version": "1.0.3",
            "resolved": "https://registry.npmjs.org/has/-/has-1.0.3.tgz",
            "integrity": "sha512-f2dvO0VU6Oej7RkWJGrehjbzMAjFp5/VKPp5tTpWIV4JHHZK1/BxbFRtf/siA2SWTe09caDmVtYYzWEIbBS4zw==",
            "dev": true,
            "requires": {
                "function-bind": "^1.1.1"
            }
        },
        "is-core-module": {
            "version": "2.2.0",
            "resolved": "https://registry.npmjs.org/is-core-module/-/is-core-module-2.2.0.tgz",
            "integrity": "sha512-XRAfAdyyY5F5cOXn7hYQDqh2Xmii+DEfIcQGxK/uNwMHhIkPWO0g8msXcbzLe+MpGoR951MlqM/2iIlU4vKDdQ==",
            "dev": true,
            "requires": {
                "has": "^1.0.3"
            }
        },
        "path-parse": {
            "version": "1.0.6",
            "resolved": "https://registry.npmjs.org/path-parse/-/path-parse-1.0.6.tgz",
            "integrity": "sha512-GSmOT2EbHrINBf9SR7CDELwlJ8AENk3Qn7OikK4nFYAu3Ote2+JYNVvkpAEQm3/TLNEJFD/xZJjzyxg3KBWOzw==",
            "dev": true
        },
        "picomatch": {
            "version": "2.2.2",
            "resolved": "https://registry.npmjs.org/picomatch/-/picomatch-2.2.2.tgz",
            "integrity": "sha512-q0M/9eZHzmr0AulXyPwNfZjtwZ/RBZlbN3K3CErVrk50T2ASYI7Bye0EvekFY3IP1Nt2DHu0re+V2ZHIpMkuWg==",
            "dev": true
        },
        "prettier": {
            "version": "2.2.1",
            "resolved": "https://registry.npmjs.org/prettier/-/prettier-2.2.1.tgz",
            "integrity": "sha512-PqyhM2yCjg/oKkFPtTGUojv7gnZAoG80ttl45O6x2Ug/rMJw4wcc9k6aaf2hibP7BGVCCM33gZoGjyvt9mm16Q==",
            "dev": true
        },
        "resolve": {
            "version": "1.19.0",
            "resolved": "https://registry.npmjs.org/resolve/-/resolve-1.19.0.tgz",
            "integrity": "sha512-rArEXAgsBG4UgRGcynxWIWKFvh/XZCcS8UJdHhwy91zwAvCZIbcs+vAbflgBnNjYMs/i/i+/Ux6IZhML1yPvxg==",
            "dev": true,
            "requires": {
                "is-core-module": "^2.1.0",
                "path-parse": "^1.0.6"
            }
        },
        "rollup": {
            "version": "2.42.0",
            "resolved": "https://registry.npmjs.org/rollup/-/rollup-2.42.0.tgz",
            "integrity": "sha512-P9bJnaZ2P0hawoJo+Jto8YZZqil9URogNVE4KJeyj6wrUSDIbdMvmj7CsyEFwdXu/I5SiWEzB1hfmLeMldH6ww==",
            "dev": true,
            "requires": {
                "fsevents": "~2.3.1"
            }
        }
    }
}
